
Microsoft Visual Studio Solution File, Format Version 12.00
# Visual Studio 15
VisualStudioVersion = 15.0.27703.2035
MinimumVisualStudioVersion = 10.0.40219.1
Project("{FAE04EC0-301F-11D3-BF4B-00C04F79EFBC}") = "EFGetStarted.AspNetCore.NewDb", "EFGetStarted.AspNetCore.NewDb\EFGetStarted.AspNetCore.NewDb.csproj", "{36676165-5BE2-4502-BED2-21E82EE37643}"
EndProject
Global
	GlobalSection(SolutionConfigurationPlatforms) = preSolution
		Debug|Any CPU = Debug|Any CPU
		Release|Any CPU = Release|Any CPU
	EndGlobalSection
	GlobalSection(ProjectConfigurationPlatforms) = postSolution
		{36676165-5BE2-4502-BED2-21E82EE37643}.Debug|Any CPU.ActiveCfg = Debug|Any CPU
		{36676165-5BE2-4502-BED2-21E82EE37643}.Debug|Any CPU.Build.0 = Debug|Any CPU
		{36676165-5BE2-4502-BED2-21E82EE37643}.Release|Any CPU.ActiveCfg = Release|Any CPU
		{36676165-5BE2-4502-BED2-21E82EE37643}.Release|Any CPU.Build.0 = Release|Any CPU
	EndGlobalSection
	GlobalSection(SolutionProperties) = preSolution
		HideSolutionNode = FALSE
	EndGlobalSection
	GlobalSection(ExtensibilityGlobals) = postSolution
		SolutionGuid = {A115A59C-BB19-485E-9EAC-8BF19E3CAA8C}
	EndGlobalSection
EndGlobal
